
Microsoft Visual Studio Solution File, Format Version 12.00
# Visual Studio Version 16
VisualStudioVersion = 16.0.30204.135
MinimumVisualStudioVersion = 10.0.40219.1
Project("{9A19103F-16F7-4668-BE54-9A1E7A4F7556}") = "DaemonPieShop", "DaemonPieShop\DaemonPieShop.csproj", "{A56DAF0E-7F7D-4246-B274-4AB327FAE7F0}"
EndProject
Project("{9A19103F-16F7-4668-BE54-9A1E7A4F7556}") = "DaemonPieShop.Data", "DaemonPieShop.Data\DaemonPieShop.Data.csproj", "{2BED29A0-834D-454E-B834-4511184E9905}"
EndProject
Global
	GlobalSection(SolutionConfigurationPlatforms) = preSolution
		Debug|Any CPU = Debug|Any CPU
		Release|Any CPU = Release|Any CPU
	EndGlobalSection
	GlobalSection(ProjectConfigurationPlatforms) = postSolution
		{A56DAF0E-7F7D-4246-B274-4AB327FAE7F0}.Debug|Any CPU.ActiveCfg = Debug|Any CPU
		{A56DAF0E-7F7D-4246-B274-4AB327FAE7F0}.Debug|Any CPU.Build.0 = Debug|Any CPU
		{A56DAF0E-7F7D-4246-B274-4AB327FAE7F0}.Release|Any CPU.ActiveCfg = Release|Any CPU
		{A56DAF0E-7F7D-4246-B274-4AB327FAE7F0}.Release|Any CPU.Build.0 = Release|Any CPU
		{2BED29A0-834D-454E-B834-4511184E9905}.Debug|Any CPU.ActiveCfg = Debug|Any CPU
		{2BED29A0-834D-454E-B834-4511184E9905}.Debug|Any CPU.Build.0 = Debug|Any CPU
		{2BED29A0-834D-454E-B834-4511184E9905}.Release|Any CPU.ActiveCfg = Release|Any CPU
		{2BED29A0-834D-454E-B834-4511184E9905}.Release|Any CPU.Build.0 = Release|Any CPU
	EndGlobalSection
	GlobalSection(SolutionProperties) = preSolution
		HideSolutionNode = FALSE
	EndGlobalSection
	GlobalSection(ExtensibilityGlobals) = postSolution
		SolutionGuid = {CC677C70-8E60-4E11-B928-A383392B3D22}
	EndGlobalSection
EndGlobal
